{
    "_readme": [
        "This file locks the dependencies of your project to a known state",
        "Read more about it at https://getcomposer.org/doc/01-basic-usage.md#composer-lock-the-lock-file",
        "This file is @generated automatically"
    ],
    "content-hash": "b74728c05254f23316a67edc274c70f7",
    "packages": [],
    "packages-dev": [
        {
            "name": "kigkonsult/icalcreator",
            "version": "v2.24",
            "source": {
                "type": "git",
                "url": "https://github.com/iCalcreator/iCalcreator.git",
                "reference": "d0eee5cf7fb86225de01756b7261456698c3388a"
            },
            "dist": {
                "type": "zip",
                "url": "https://api.github.com/repos/iCalcreator/iCalcreator/zipball/d0eee5cf7fb86225de01756b7261456698c3388a",
                "reference": "d0eee5cf7fb86225de01756b7261456698c3388a",
                "shasum": ""
            },
            "require": {
                "php": ">=5.4"
            },
            "type": "library",
            "autoload": {
                "files": [
                    "autoload.php"
                ],
                "psr-4": {
                    "kigkonsult\\iCalcreator\\": [
                        "src/",
                        "src/util/",
                        "src/traits/"
                    ]
                }
            },
            "notification-url": "https://packagist.org/downloads/",
            "license": [
                "(AGPLv3 or proprietary)"
            ],
            "authors": [
                {
                    "name": "Kjell-Inge Gustafsson",
                    "email": "ical@kigkonsult.se"
                }
            ],
            "description": "iCalcreator is the PHP implementation of rfc2445/rfc5545, management of iCal formatted files",
            "homepage": "http://kigkonsult.se",
            "keywords": [
                "calendar",
                "file",
                "format",
                "management",
                "rfc2445",
                "rfc5545"
            ],
            "time": "2017-09-04T00:00:00+00:00"
        }
    ],
    "aliases": [],
    "minimum-stability": "stable",
    "stability-flags": [],
    "prefer-stable": false,
    "prefer-lowest": false,
    "platform": {
        "ext-mbstring": "*"
    },
    "platform-dev": []
}
